{
  "name": "hexlet-studies",
  "lockfileVersion": 3,
  "requires": true,
  "packages": {
    "": {
      "devDependencies": {
        "@hexlet/immutable-fs-trees": "^0.7.1",
        "du": "^1.0.0",
        "lodash": "^4.17.21",
        "path": "^0.12.7"
      }
    },
    "node_modules/@hexlet/immutable-fs-trees": {
      "version": "0.7.1",
      "resolved": "https://registry.npmjs.org/@hexlet/immutable-fs-trees/-/immutable-fs-trees-0.7.1.tgz",
      "integrity": "sha512-+CZuc8bdAe4WvbfahK0blg7qUL4e/SEOQkJ3PPLtyVKZ/FTKiB5taHIE1u18FwsGthBxI9ochvURedlZ3WXARA==",
      "dev": true
    },
    "node_modules/du": {
      "version": "1.0.0",
      "resolved": "https://registry.npmjs.org/du/-/du-1.0.0.tgz",
      "integrity": "sha512-w00+6XpIq924IvDLyOOx5HFO4KwH6YV6buqFx6og/ErTaJ34kVOyI+Q2f+X8pvZkDoEgT6xspA4iYSN99mqPDA==",
      "dev": true,
      "dependencies": {
        "map-async": "~0.1.1"
      },
      "bin": {
        "dujs": "du.js"
      }
    },
    "node_modules/inherits": {
      "version": "2.0.3",
      "resolved": "https://registry.npmjs.org/inherits/-/inherits-2.0.3.tgz",
      "integrity": "sha512-x00IRNXNy63jwGkJmzPigoySHbaqpNuzKbBOmzK+g2OdZpQ9w+sxCN+VSB3ja7IAge2OP2qpfxTjeNcyjmW1uw==",
      "dev": true
    },
    "node_modules/lodash": {
      "version": "4.17.21",
      "resolved": "https://registry.npmjs.org/lodash/-/lodash-4.17.21.tgz",
      "integrity": "sha512-v2kDEe57lecTulaDIuNTPy3Ry4gLGJ6Z1O3vE1krgXZNrsQ+LFTGHVxVjcXPs17LhbZVGedAJv8XZ1tvj5FvSg==",
      "dev": true
    },
    "node_modules/map-async": {
      "version": "0.1.1",
      "resolved": "https://registry.npmjs.org/map-async/-/map-async-0.1.1.tgz",
      "integrity": "sha512-nim726/DRF1yuTrx3qNJcFNqJCgiFD98eh/49EdI5LWTspX4whkVvT0hOcMEVJWCijKkp519vCY1uD05Hklc6w==",
      "dev": true
    },
    "node_modules/path": {
      "version": "0.12.7",
      "resolved": "https://registry.npmjs.org/path/-/path-0.12.7.tgz",
      "integrity": "sha512-aXXC6s+1w7otVF9UletFkFcDsJeO7lSZBPUQhtb5O0xJe8LtYhj/GxldoL09bBj9+ZmE2hNoHqQSFMN5fikh4Q==",
      "dev": true,
      "dependencies": {
        "process": "^0.11.1",
        "util": "^0.10.3"
      }
    },
    "node_modules/process": {
      "version": "0.11.10",
      "resolved": "https://registry.npmjs.org/process/-/process-0.11.10.tgz",
      "integrity": "sha512-cdGef/drWFoydD1JsMzuFf8100nZl+GT+yacc2bEced5f9Rjk4z+WtFUTBu9PhOi9j/jfmBPu0mMEY4wIdAF8A==",
      "dev": true,
      "engines": {
        "node": ">= 0.6.0"
      }
    },
    "node_modules/util": {
      "version": "0.10.4",
      "resolved": "https://registry.npmjs.org/util/-/util-0.10.4.tgz",
      "integrity": "sha512-0Pm9hTQ3se5ll1XihRic3FDIku70C+iHUdT/W926rSgHV5QgXsYbKZN8MSC3tJtSkhuROzvsQjAaFENRXr+19A==",
      "dev": true,
      "dependencies": {
        "inherits": "2.0.3"
      }
    }
  }
}
